
Microsoft Visual Studio Solution File, Format Version 12.00
# Visual Studio Version 17
VisualStudioVersion = 17.0.32014.148
MinimumVisualStudioVersion = 10.0.40219.1
Project("{2150E333-8FDC-42A3-9474-1A3956D46DE8}") = "src", "src", "{C648A5E2-3A6F-4303-9DB4-10B1CDA2E68A}"
EndProject
Project("{2150E333-8FDC-42A3-9474-1A3956D46DE8}") = "core", "core", "{C1B9D044-9431-4798-9868-6B6E85A432C0}"
EndProject
Project("{2150E333-8FDC-42A3-9474-1A3956D46DE8}") = "utilities", "utilities", "{BAA4232B-5A35-4573-8C9B-C9D6A4E16D44}"
EndProject
Project("{9A19103F-16F7-4668-BE54-9A1E7A4F7556}") = "CSB.Core", "src\core\CSB.Core\CSB.Core.csproj", "{A5AF88FD-B2A6-4B05-8EE6-8C970A7B649E}"
EndProject
Project("{9A19103F-16F7-4668-BE54-9A1E7A4F7556}") = "CSB.Core.Domain", "src\core\CSB.Core.Domain\CSB.Core.Domain.csproj", "{9153D6D4-4C81-4247-A93D-40F76DE2301D}"
EndProject
Project("{9A19103F-16F7-4668-BE54-9A1E7A4F7556}") = "CSB.Core.Application.Contract", "src\core\CSB.Core.Application.Contract\CSB.Core.Application.Contract.csproj", "{3F9A01D2-74DD-4CA1-9819-1AE00F23AB5E}"
EndProject
Project("{9A19103F-16F7-4668-BE54-9A1E7A4F7556}") = "CSB.Core.Application", "src\core\CSB.Core.Application\CSB.Core.Application.csproj", "{919D5D72-7CBB-4172-A146-24469A6C6865}"
EndProject
Project("{9A19103F-16F7-4668-BE54-9A1E7A4F7556}") = "CSB.Core.Web", "src\core\CSB.Core.Web\CSB.Core.Web.csproj", "{388725B5-BFEC-48D4-AB30-323DE5F47F24}"
EndProject
Project("{9A19103F-16F7-4668-BE54-9A1E7A4F7556}") = "CSB.Core.WebAPI", "src\core\CSB.Core.WebAPI\CSB.Core.WebAPI.csproj", "{E28F11AB-E2A9-42B1-BEAC-521AEEC81BB2}"
EndProject
Project("{9A19103F-16F7-4668-BE54-9A1E7A4F7556}") = "CSB.Core.WebApp", "src\core\CSB.Core.WebApp\CSB.Core.WebApp.csproj", "{9FAB8444-75B4-4C65-A72F-79677E3FC82C}"
EndProject
Project("{9A19103F-16F7-4668-BE54-9A1E7A4F7556}") = "CSB.Core.Infrastructure", "src\core\CSB.Core.Infrastructure\CSB.Core.Infrastructure.csproj", "{72910C73-1059-4DEE-BF2B-8A86375C8996}"
EndProject
Project("{9A19103F-16F7-4668-BE54-9A1E7A4F7556}") = "CSB.Core.Utilities", "src\utilities\CSB.Core.Utilities\CSB.Core.Utilities.csproj", "{FC4C1B96-EA92-4736-AC6E-F38A3FCB10A2}"
EndProject
Project("{9A19103F-16F7-4668-BE54-9A1E7A4F7556}") = "CSB.Core.Utilities.Caching.Redis", "src\utilities\CSB.Core.Utilities.Caching.Redis\CSB.Core.Utilities.Caching.Redis.csproj", "{EFFBFE15-A9A0-4CA2-9608-4B63EB3E7C6A}"
EndProject
Project("{9A19103F-16F7-4668-BE54-9A1E7A4F7556}") = "CSB.Core.Utilities.Geospatial.Redis", "src\utilities\CSB.Core.Utilities.Geospatial.Redis\CSB.Core.Utilities.Geospatial.Redis.csproj", "{07C2CBC9-08B2-45B1-B6E8-F5F675CD0192}"
EndProject
Project("{9A19103F-16F7-4668-BE54-9A1E7A4F7556}") = "CSB.Core.Utilities.Logging", "src\utilities\CSB.Core.Utilities.Logging\CSB.Core.Utilities.Logging.csproj", "{DCEBD788-788C-4B26-B923-F4683E1614EE}"
EndProject
Project("{9A19103F-16F7-4668-BE54-9A1E7A4F7556}") = "CSB.Core.Utilities.MessageBroking.RabbitMQ", "src\utilities\CSB.Core.Utilities.MessageBroking.RabbitMQ\CSB.Core.Utilities.MessageBroking.RabbitMQ.csproj", "{AA5F0A61-E4D1-4E54-8112-04F0F7F1399A}"
EndProject
Project("{9A19103F-16F7-4668-BE54-9A1E7A4F7556}") = "CSB.Core.Utilities.Redis", "src\utilities\CSB.Core.Utilities.Redis\CSB.Core.Utilities.Redis.csproj", "{F2E840A3-5506-4B43-B929-AFA78B3D1679}"
EndProject
Project("{9A19103F-16F7-4668-BE54-9A1E7A4F7556}") = "CSB.Core.Utilities.Security.JWT", "src\utilities\CSB.Core.Utilities.Security.JWT\CSB.Core.Utilities.Security.JWT.csproj", "{43E97CC4-E429-4436-8A09-94EA9CA6054D}"
EndProject
Global
	GlobalSection(SolutionConfigurationPlatforms) = preSolution
		Debug|Any CPU = Debug|Any CPU
		Release|Any CPU = Release|Any CPU
	EndGlobalSection
	GlobalSection(ProjectConfigurationPlatforms) = postSolution
		{A5AF88FD-B2A6-4B05-8EE6-8C970A7B649E}.Debug|Any CPU.ActiveCfg = Debug|Any CPU
		{A5AF88FD-B2A6-4B05-8EE6-8C970A7B649E}.Debug|Any CPU.Build.0 = Debug|Any CPU
		{A5AF88FD-B2A6-4B05-8EE6-8C970A7B649E}.Release|Any CPU.ActiveCfg = Release|Any CPU
		{A5AF88FD-B2A6-4B05-8EE6-8C970A7B649E}.Release|Any CPU.Build.0 = Release|Any CPU
		{9153D6D4-4C81-4247-A93D-40F76DE2301D}.Debug|Any CPU.ActiveCfg = Debug|Any CPU
		{9153D6D4-4C81-4247-A93D-40F76DE2301D}.Debug|Any CPU.Build.0 = Debug|Any CPU
		{9153D6D4-4C81-4247-A93D-40F76DE2301D}.Release|Any CPU.ActiveCfg = Release|Any CPU
		{9153D6D4-4C81-4247-A93D-40F76DE2301D}.Release|Any CPU.Build.0 = Release|Any CPU
		{3F9A01D2-74DD-4CA1-9819-1AE00F23AB5E}.Debug|Any CPU.ActiveCfg = Debug|Any CPU
		{3F9A01D2-74DD-4CA1-9819-1AE00F23AB5E}.Debug|Any CPU.Build.0 = Debug|Any CPU
		{3F9A01D2-74DD-4CA1-9819-1AE00F23AB5E}.Release|Any CPU.ActiveCfg = Release|Any CPU
		{3F9A01D2-74DD-4CA1-9819-1AE00F23AB5E}.Release|Any CPU.Build.0 = Release|Any CPU
		{919D5D72-7CBB-4172-A146-24469A6C6865}.Debug|Any CPU.ActiveCfg = Debug|Any CPU
		{919D5D72-7CBB-4172-A146-24469A6C6865}.Debug|Any CPU.Build.0 = Debug|Any CPU
		{919D5D72-7CBB-4172-A146-24469A6C6865}.Release|Any CPU.ActiveCfg = Release|Any CPU
		{919D5D72-7CBB-4172-A146-24469A6C6865}.Release|Any CPU.Build.0 = Release|Any CPU
		{388725B5-BFEC-48D4-AB30-323DE5F47F24}.Debug|Any CPU.ActiveCfg = Debug|Any CPU
		{388725B5-BFEC-48D4-AB30-323DE5F47F24}.Debug|Any CPU.Build.0 = Debug|Any CPU
		{388725B5-BFEC-48D4-AB30-323DE5F47F24}.Release|Any CPU.ActiveCfg = Release|Any CPU
		{388725B5-BFEC-48D4-AB30-323DE5F47F24}.Release|Any CPU.Build.0 = Release|Any CPU
		{E28F11AB-E2A9-42B1-BEAC-521AEEC81BB2}.Debug|Any CPU.ActiveCfg = Debug|Any CPU
		{E28F11AB-E2A9-42B1-BEAC-521AEEC81BB2}.Debug|Any CPU.Build.0 = Debug|Any CPU
		{E28F11AB-E2A9-42B1-BEAC-521AEEC81BB2}.Release|Any CPU.ActiveCfg = Release|Any CPU
		{E28F11AB-E2A9-42B1-BEAC-521AEEC81BB2}.Release|Any CPU.Build.0 = Release|Any CPU
		{9FAB8444-75B4-4C65-A72F-79677E3FC82C}.Debug|Any CPU.ActiveCfg = Debug|Any CPU
		{9FAB8444-75B4-4C65-A72F-79677E3FC82C}.Debug|Any CPU.Build.0 = Debug|Any CPU
		{9FAB8444-75B4-4C65-A72F-79677E3FC82C}.Release|Any CPU.ActiveCfg = Release|Any CPU
		{9FAB8444-75B4-4C65-A72F-79677E3FC82C}.Release|Any CPU.Build.0 = Release|Any CPU
		{72910C73-1059-4DEE-BF2B-8A86375C8996}.Debug|Any CPU.ActiveCfg = Debug|Any CPU
		{72910C73-1059-4DEE-BF2B-8A86375C8996}.Debug|Any CPU.Build.0 = Debug|Any CPU
		{72910C73-1059-4DEE-BF2B-8A86375C8996}.Release|Any CPU.ActiveCfg = Release|Any CPU
		{72910C73-1059-4DEE-BF2B-8A86375C8996}.Release|Any CPU.Build.0 = Release|Any CPU
		{FC4C1B96-EA92-4736-AC6E-F38A3FCB10A2}.Debug|Any CPU.ActiveCfg = Debug|Any CPU
		{FC4C1B96-EA92-4736-AC6E-F38A3FCB10A2}.Debug|Any CPU.Build.0 = Debug|Any CPU
		{FC4C1B96-EA92-4736-AC6E-F38A3FCB10A2}.Release|Any CPU.ActiveCfg = Release|Any CPU
		{FC4C1B96-EA92-4736-AC6E-F38A3FCB10A2}.Release|Any CPU.Build.0 = Release|Any CPU
		{EFFBFE15-A9A0-4CA2-9608-4B63EB3E7C6A}.Debug|Any CPU.ActiveCfg = Debug|Any CPU
		{EFFBFE15-A9A0-4CA2-9608-4B63EB3E7C6A}.Debug|Any CPU.Build.0 = Debug|Any CPU
		{EFFBFE15-A9A0-4CA2-9608-4B63EB3E7C6A}.Release|Any CPU.ActiveCfg = Release|Any CPU
		{EFFBFE15-A9A0-4CA2-9608-4B63EB3E7C6A}.Release|Any CPU.Build.0 = Release|Any CPU
		{07C2CBC9-08B2-45B1-B6E8-F5F675CD0192}.Debug|Any CPU.ActiveCfg = Debug|Any CPU
		{07C2CBC9-08B2-45B1-B6E8-F5F675CD0192}.Debug|Any CPU.Build.0 = Debug|Any CPU
		{07C2CBC9-08B2-45B1-B6E8-F5F675CD0192}.Release|Any CPU.ActiveCfg = Release|Any CPU
		{07C2CBC9-08B2-45B1-B6E8-F5F675CD0192}.Release|Any CPU.Build.0 = Release|Any CPU
		{DCEBD788-788C-4B26-B923-F4683E1614EE}.Debug|Any CPU.ActiveCfg = Debug|Any CPU
		{DCEBD788-788C-4B26-B923-F4683E1614EE}.Debug|Any CPU.Build.0 = Debug|Any CPU
		{DCEBD788-788C-4B26-B923-F4683E1614EE}.Release|Any CPU.ActiveCfg = Release|Any CPU
		{DCEBD788-788C-4B26-B923-F4683E1614EE}.Release|Any CPU.Build.0 = Release|Any CPU
		{AA5F0A61-E4D1-4E54-8112-04F0F7F1399A}.Debug|Any CPU.ActiveCfg = Debug|Any CPU
		{AA5F0A61-E4D1-4E54-8112-04F0F7F1399A}.Debug|Any CPU.Build.0 = Debug|Any CPU
		{AA5F0A61-E4D1-4E54-8112-04F0F7F1399A}.Release|Any CPU.ActiveCfg = Release|Any CPU
		{AA5F0A61-E4D1-4E54-8112-04F0F7F1399A}.Release|Any CPU.Build.0 = Release|Any CPU
		{F2E840A3-5506-4B43-B929-AFA78B3D1679}.Debug|Any CPU.ActiveCfg = Debug|Any CPU
		{F2E840A3-5506-4B43-B929-AFA78B3D1679}.Debug|Any CPU.Build.0 = Debug|Any CPU
		{F2E840A3-5506-4B43-B929-AFA78B3D1679}.Release|Any CPU.ActiveCfg = Release|Any CPU
		{F2E840A3-5506-4B43-B929-AFA78B3D1679}.Release|Any CPU.Build.0 = Release|Any CPU
		{43E97CC4-E429-4436-8A09-94EA9CA6054D}.Debug|Any CPU.ActiveCfg = Debug|Any CPU
		{43E97CC4-E429-4436-8A09-94EA9CA6054D}.Debug|Any CPU.Build.0 = Debug|Any CPU
		{43E97CC4-E429-4436-8A09-94EA9CA6054D}.Release|Any CPU.ActiveCfg = Release|Any CPU
		{43E97CC4-E429-4436-8A09-94EA9CA6054D}.Release|Any CPU.Build.0 = Release|Any CPU
	EndGlobalSection
	GlobalSection(SolutionProperties) = preSolution
		HideSolutionNode = FALSE
	EndGlobalSection
	GlobalSection(NestedProjects) = preSolution
		{C1B9D044-9431-4798-9868-6B6E85A432C0} = {C648A5E2-3A6F-4303-9DB4-10B1CDA2E68A}
		{BAA4232B-5A35-4573-8C9B-C9D6A4E16D44} = {C648A5E2-3A6F-4303-9DB4-10B1CDA2E68A}
		{A5AF88FD-B2A6-4B05-8EE6-8C970A7B649E} = {C1B9D044-9431-4798-9868-6B6E85A432C0}
		{9153D6D4-4C81-4247-A93D-40F76DE2301D} = {C1B9D044-9431-4798-9868-6B6E85A432C0}
		{3F9A01D2-74DD-4CA1-9819-1AE00F23AB5E} = {C1B9D044-9431-4798-9868-6B6E85A432C0}
		{919D5D72-7CBB-4172-A146-24469A6C6865} = {C1B9D044-9431-4798-9868-6B6E85A432C0}
		{388725B5-BFEC-48D4-AB30-323DE5F47F24} = {C1B9D044-9431-4798-9868-6B6E85A432C0}
		{E28F11AB-E2A9-42B1-BEAC-521AEEC81BB2} = {C1B9D044-9431-4798-9868-6B6E85A432C0}
		{9FAB8444-75B4-4C65-A72F-79677E3FC82C} = {C1B9D044-9431-4798-9868-6B6E85A432C0}
		{72910C73-1059-4DEE-BF2B-8A86375C8996} = {C1B9D044-9431-4798-9868-6B6E85A432C0}
		{FC4C1B96-EA92-4736-AC6E-F38A3FCB10A2} = {BAA4232B-5A35-4573-8C9B-C9D6A4E16D44}
		{EFFBFE15-A9A0-4CA2-9608-4B63EB3E7C6A} = {BAA4232B-5A35-4573-8C9B-C9D6A4E16D44}
		{07C2CBC9-08B2-45B1-B6E8-F5F675CD0192} = {BAA4232B-5A35-4573-8C9B-C9D6A4E16D44}
		{DCEBD788-788C-4B26-B923-F4683E1614EE} = {BAA4232B-5A35-4573-8C9B-C9D6A4E16D44}
		{AA5F0A61-E4D1-4E54-8112-04F0F7F1399A} = {BAA4232B-5A35-4573-8C9B-C9D6A4E16D44}
		{F2E840A3-5506-4B43-B929-AFA78B3D1679} = {BAA4232B-5A35-4573-8C9B-C9D6A4E16D44}
		{43E97CC4-E429-4436-8A09-94EA9CA6054D} = {BAA4232B-5A35-4573-8C9B-C9D6A4E16D44}
	EndGlobalSection
	GlobalSection(ExtensibilityGlobals) = postSolution
		SolutionGuid = {4C754C46-D835-4994-97B5-F5978EEAF044}
	EndGlobalSection
EndGlobal
